
Microsoft Visual Studio Solution File, Format Version 12.00
# Visual Studio Version 16
VisualStudioVersion = 16.0.31005.135
MinimumVisualStudioVersion = 10.0.40219.1
Project("{FAE04EC0-301F-11D3-BF4B-00C04F79EFBC}") = "ForLB1_A", "ForLB1_A.csproj", "{BD19DF7C-4AA1-49F1-BF70-7FD44C3EA5E7}"
EndProject
Global
	GlobalSection(SolutionConfigurationPlatforms) = preSolution
		Debug|Any CPU = Debug|Any CPU
		Release|Any CPU = Release|Any CPU
	EndGlobalSection
	GlobalSection(ProjectConfigurationPlatforms) = postSolution
		{BD19DF7C-4AA1-49F1-BF70-7FD44C3EA5E7}.Debug|Any CPU.ActiveCfg = Debug|Any CPU
		{BD19DF7C-4AA1-49F1-BF70-7FD44C3EA5E7}.Debug|Any CPU.Build.0 = Debug|Any CPU
		{BD19DF7C-4AA1-49F1-BF70-7FD44C3EA5E7}.Release|Any CPU.ActiveCfg = Release|Any CPU
		{BD19DF7C-4AA1-49F1-BF70-7FD44C3EA5E7}.Release|Any CPU.Build.0 = Release|Any CPU
	EndGlobalSection
	GlobalSection(SolutionProperties) = preSolution
		HideSolutionNode = FALSE
	EndGlobalSection
	GlobalSection(ExtensibilityGlobals) = postSolution
		SolutionGuid = {92F0821B-ADDC-4B85-AD0C-79652C2697E3}
	EndGlobalSection
EndGlobal
