
Microsoft Visual Studio Solution File, Format Version 12.00
# Visual Studio Version 16
VisualStudioVersion = 16.0.31005.135
MinimumVisualStudioVersion = 10.0.40219.1
Project("{FAE04EC0-301F-11D3-BF4B-00C04F79EFBC}") = "LB1", "LB1.csproj", "{7A5D314E-8365-44B9-AFEC-377BC14A59F9}"
EndProject
Global
	GlobalSection(SolutionConfigurationPlatforms) = preSolution
		Debug|Any CPU = Debug|Any CPU
		Release|Any CPU = Release|Any CPU
	EndGlobalSection
	GlobalSection(ProjectConfigurationPlatforms) = postSolution
		{7A5D314E-8365-44B9-AFEC-377BC14A59F9}.Debug|Any CPU.ActiveCfg = Debug|Any CPU
		{7A5D314E-8365-44B9-AFEC-377BC14A59F9}.Debug|Any CPU.Build.0 = Debug|Any CPU
		{7A5D314E-8365-44B9-AFEC-377BC14A59F9}.Release|Any CPU.ActiveCfg = Release|Any CPU
		{7A5D314E-8365-44B9-AFEC-377BC14A59F9}.Release|Any CPU.Build.0 = Release|Any CPU
	EndGlobalSection
	GlobalSection(SolutionProperties) = preSolution
		HideSolutionNode = FALSE
	EndGlobalSection
	GlobalSection(ExtensibilityGlobals) = postSolution
		SolutionGuid = {E5BD666B-8F22-4CAD-934B-7AD45D208FAF}
	EndGlobalSection
EndGlobal
